PODS:
  - Flutter (1.0.0)
  - flutter_sslcommerz (2.3.9):
    - Flutter
    - SSLCommerzSDK
  - SSLCommerzSDK (2.0.5)
  - webview_flutter_wkwebview (0.0.1):
    - Flutter
    - FlutterMacOS

DEPENDENCIES:
  - Flutter (from `Flutter`)
  - flutter_sslcommerz (from `.symlinks/plugins/flutter_sslcommerz/ios`)
  - webview_flutter_wkwebview (from `.symlinks/plugins/webview_flutter_wkwebview/darwin`)

SPEC REPOS:
  trunk:
    - SSLCommerzSDK

EXTERNAL SOURCES:
  Flutter:
    :path: Flutter
  flutter_sslcommerz:
    :path: ".symlinks/plugins/flutter_sslcommerz/ios"
  webview_flutter_wkwebview:
    :path: ".symlinks/plugins/webview_flutter_wkwebview/darwin"

SPEC CHECKSUMS:
  Flutter: cabc95a1d2626b1b06e7179b784ebcf0c0cde467
  flutter_sslcommerz: e8a42bb445dbf8a4e965c3894188411765adc2f5
  SSLCommerzSDK: 9997682baa0a9ae4a69fb9a2be62cd11be6fe848
  webview_flutter_wkwebview: a4af96a051138e28e29f60101d094683b9f82188

PODFILE CHECKSUM: 4f1c12611da7338d21589c0b2ecd6bd20b109694

COCOAPODS: 1.14.3
